
Microsoft Visual Studio Solution File, Format Version 12.00
# Visual Studio Version 16
VisualStudioVersion = 16.0.30114.105
MinimumVisualStudioVersion = 10.0.40219.1
Project("{FAE04EC0-301F-11D3-BF4B-00C04F79EFBC}") = "Herald.EntityFramework.Tests", "Herald.EntityFramework.Tests\Herald.EntityFramework.Tests.csproj", "{76946256-5EAF-43BB-ABE1-10C38935BE4D}"
EndProject
Project("{FAE04EC0-301F-11D3-BF4B-00C04F79EFBC}") = "Herald.EntityFramework", "Herald.EntityFramework\Herald.EntityFramework.csproj", "{A4C10797-45BA-436C-A8B8-C8A43F2BB53E}"
EndProject
Global
	GlobalSection(SolutionConfigurationPlatforms) = preSolution
		Debug|Any CPU = Debug|Any CPU
		Release|Any CPU = Release|Any CPU
	EndGlobalSection
	GlobalSection(SolutionProperties) = preSolution
		HideSolutionNode = FALSE
	EndGlobalSection
	GlobalSection(ProjectConfigurationPlatforms) = postSolution
		{76946256-5EAF-43BB-ABE1-10C38935BE4D}.Debug|Any CPU.ActiveCfg = Debug|Any CPU
		{76946256-5EAF-43BB-ABE1-10C38935BE4D}.Debug|Any CPU.Build.0 = Debug|Any CPU
		{76946256-5EAF-43BB-ABE1-10C38935BE4D}.Release|Any CPU.ActiveCfg = Release|Any CPU
		{76946256-5EAF-43BB-ABE1-10C38935BE4D}.Release|Any CPU.Build.0 = Release|Any CPU
		{A4C10797-45BA-436C-A8B8-C8A43F2BB53E}.Debug|Any CPU.ActiveCfg = Debug|Any CPU
		{A4C10797-45BA-436C-A8B8-C8A43F2BB53E}.Debug|Any CPU.Build.0 = Debug|Any CPU
		{A4C10797-45BA-436C-A8B8-C8A43F2BB53E}.Release|Any CPU.ActiveCfg = Release|Any CPU
		{A4C10797-45BA-436C-A8B8-C8A43F2BB53E}.Release|Any CPU.Build.0 = Release|Any CPU
	EndGlobalSection
EndGlobal
